
Microsoft Visual Studio Solution File, Format Version 12.00
# Visual Studio Version 17
VisualStudioVersion = 17.5.33530.505
MinimumVisualStudioVersion = 10.0.40219.1
Project("{F184B08F-C81C-45F6-A57F-5ABD9991F28F}") = "examenprogra", "examenprogra\examenprogra.vbproj", "{53B61A7E-9A12-42B8-8AED-B2E919E5873B}"
EndProject
Global
	GlobalSection(SolutionConfigurationPlatforms) = preSolution
		Debug|Any CPU = Debug|Any CPU
		Release|Any CPU = Release|Any CPU
	EndGlobalSection
	GlobalSection(ProjectConfigurationPlatforms) = postSolution
		{53B61A7E-9A12-42B8-8AED-B2E919E5873B}.Debug|Any CPU.ActiveCfg = Debug|Any CPU
		{53B61A7E-9A12-42B8-8AED-B2E919E5873B}.Debug|Any CPU.Build.0 = Debug|Any CPU
		{53B61A7E-9A12-42B8-8AED-B2E919E5873B}.Release|Any CPU.ActiveCfg = Release|Any CPU
		{53B61A7E-9A12-42B8-8AED-B2E919E5873B}.Release|Any CPU.Build.0 = Release|Any CPU
	EndGlobalSection
	GlobalSection(SolutionProperties) = preSolution
		HideSolutionNode = FALSE
	EndGlobalSection
	GlobalSection(ExtensibilityGlobals) = postSolution
		SolutionGuid = {95DF1958-F227-44CB-8E12-29881EEC9AE2}
	EndGlobalSection
EndGlobal
